
Microsoft Visual Studio Solution File, Format Version 12.00
# Visual Studio 2013
VisualStudioVersion = 12.0.31101.0
MinimumVisualStudioVersion = 10.0.40219.1
Project("{2150E333-8FDC-42A3-9474-1A3956D46DE8}") = ".nuget", ".nuget", "{E0525FC8-42C4-4D63-9605-2A7BF6442424}"
	ProjectSection(SolutionItems) = preProject
		.nuget\packages.config = .nuget\packages.config
	EndProjectSection
EndProject
Project("{2150E333-8FDC-42A3-9474-1A3956D46DE8}") = "Apps", "Apps", "{663133DB-31BD-41AA-8E21-FA8571363FE5}"
EndProject
Project("{2150E333-8FDC-42A3-9474-1A3956D46DE8}") = "Core", "Core", "{740D2A80-B34C-4750-8813-9EC7E6D93D40}"
EndProject
Project("{FAE04EC0-301F-11D3-BF4B-00C04F79EFBC}") = "Papagames.Detective.App.Console", "Projects\Papagames.Detective.App.Console\Papagames.Detective.App.Console.csproj", "{B359A4BA-1B31-44B2-9849-D914ED482C00}"
EndProject
Project("{FAE04EC0-301F-11D3-BF4B-00C04F79EFBC}") = "Papagames.Detective.App.Web", "Projects\Papagames.Detective.App.Web\Papagames.Detective.App.Web.csproj", "{E299C35A-B010-43A0-9A25-7308680F1610}"
EndProject
Project("{2150E333-8FDC-42A3-9474-1A3956D46DE8}") = "Utils", "Utils", "{1345467D-02F2-4D6B-A0EA-023E102D184E}"
EndProject
Project("{FAE04EC0-301F-11D3-BF4B-00C04F79EFBC}") = "Papagames.Detective.Core.Game", "Projects\Papagames.Detective.Core.Game\Papagames.Detective.Core.Game.csproj", "{476E8372-03A5-4BCA-9E1C-2C51CFE3EB91}"
EndProject
Project("{FAE04EC0-301F-11D3-BF4B-00C04F79EFBC}") = "Papagames.Detective.Utils", "Projects\Papagames.Detective.Utils\Papagames.Detective.Utils.csproj", "{3B976C8E-645D-436C-80F6-E6E843CD42AC}"
EndProject
Project("{2150E333-8FDC-42A3-9474-1A3956D46DE8}") = "Console", "Console", "{B4682508-51A2-43B4-AAEE-CF4895E99B48}"
EndProject
Project("{2150E333-8FDC-42A3-9474-1A3956D46DE8}") = "Web", "Web", "{B0EF536C-50B2-4280-BF3D-197D4700B8BB}"
EndProject
Project("{FAE04EC0-301F-11D3-BF4B-00C04F79EFBC}") = "Papagames.Detective.App.Web.MC", "projects\Papagames.Detective.App.Web.MC\Papagames.Detective.App.Web.MC.csproj", "{B15B5CCF-597F-4165-925C-373383E4826F}"
EndProject
Global
	GlobalSection(SolutionConfigurationPlatforms) = preSolution
		Debug|Any CPU = Debug|Any CPU
		Release|Any CPU = Release|Any CPU
	EndGlobalSection
	GlobalSection(ProjectConfigurationPlatforms) = postSolution
		{B359A4BA-1B31-44B2-9849-D914ED482C00}.Debug|Any CPU.ActiveCfg = Debug|Any CPU
		{B359A4BA-1B31-44B2-9849-D914ED482C00}.Debug|Any CPU.Build.0 = Debug|Any CPU
		{B359A4BA-1B31-44B2-9849-D914ED482C00}.Release|Any CPU.ActiveCfg = Release|Any CPU
		{B359A4BA-1B31-44B2-9849-D914ED482C00}.Release|Any CPU.Build.0 = Release|Any CPU
		{E299C35A-B010-43A0-9A25-7308680F1610}.Debug|Any CPU.ActiveCfg = Debug|Any CPU
		{E299C35A-B010-43A0-9A25-7308680F1610}.Debug|Any CPU.Build.0 = Debug|Any CPU
		{E299C35A-B010-43A0-9A25-7308680F1610}.Release|Any CPU.ActiveCfg = Release|Any CPU
		{E299C35A-B010-43A0-9A25-7308680F1610}.Release|Any CPU.Build.0 = Release|Any CPU
		{476E8372-03A5-4BCA-9E1C-2C51CFE3EB91}.Debug|Any CPU.ActiveCfg = Debug|Any CPU
		{476E8372-03A5-4BCA-9E1C-2C51CFE3EB91}.Debug|Any CPU.Build.0 = Debug|Any CPU
		{476E8372-03A5-4BCA-9E1C-2C51CFE3EB91}.Release|Any CPU.ActiveCfg = Release|Any CPU
		{476E8372-03A5-4BCA-9E1C-2C51CFE3EB91}.Release|Any CPU.Build.0 = Release|Any CPU
		{3B976C8E-645D-436C-80F6-E6E843CD42AC}.Debug|Any CPU.ActiveCfg = Debug|Any CPU
		{3B976C8E-645D-436C-80F6-E6E843CD42AC}.Debug|Any CPU.Build.0 = Debug|Any CPU
		{3B976C8E-645D-436C-80F6-E6E843CD42AC}.Release|Any CPU.ActiveCfg = Release|Any CPU
		{3B976C8E-645D-436C-80F6-E6E843CD42AC}.Release|Any CPU.Build.0 = Release|Any CPU
		{B15B5CCF-597F-4165-925C-373383E4826F}.Debug|Any CPU.ActiveCfg = Debug|Any CPU
		{B15B5CCF-597F-4165-925C-373383E4826F}.Debug|Any CPU.Build.0 = Debug|Any CPU
		{B15B5CCF-597F-4165-925C-373383E4826F}.Release|Any CPU.ActiveCfg = Release|Any CPU
		{B15B5CCF-597F-4165-925C-373383E4826F}.Release|Any CPU.Build.0 = Release|Any CPU
	EndGlobalSection
	GlobalSection(SolutionProperties) = preSolution
		HideSolutionNode = FALSE
	EndGlobalSection
	GlobalSection(NestedProjects) = preSolution
		{B359A4BA-1B31-44B2-9849-D914ED482C00} = {B4682508-51A2-43B4-AAEE-CF4895E99B48}
		{E299C35A-B010-43A0-9A25-7308680F1610} = {B0EF536C-50B2-4280-BF3D-197D4700B8BB}
		{476E8372-03A5-4BCA-9E1C-2C51CFE3EB91} = {740D2A80-B34C-4750-8813-9EC7E6D93D40}
		{3B976C8E-645D-436C-80F6-E6E843CD42AC} = {1345467D-02F2-4D6B-A0EA-023E102D184E}
		{B4682508-51A2-43B4-AAEE-CF4895E99B48} = {663133DB-31BD-41AA-8E21-FA8571363FE5}
		{B0EF536C-50B2-4280-BF3D-197D4700B8BB} = {663133DB-31BD-41AA-8E21-FA8571363FE5}
		{B15B5CCF-597F-4165-925C-373383E4826F} = {B0EF536C-50B2-4280-BF3D-197D4700B8BB}
	EndGlobalSection
EndGlobal
